// !$*UTF8*$!
{
	archiveVersion = 1;
	classes = {
	};
	objectVersion = 50;
	objects = {

/* Begin PBXBuildFile section */
		956BA52320D210DF0079B12D /* AppDelegate.swift in Sources */ = {isa = PBXBuildFile; fileRef = 956BA52220D210DF0079B12D /* AppDelegate.swift */; };
		956BA52520D210DF0079B12D /* ViewController.swift in Sources */ = {isa = PBXBuildFile; fileRef = 956BA52420D210DF0079B12D /* ViewController.swift */; };
		956BA52820D210DF0079B12D /* Main.storyboard in Resources */ = {isa = PBXBuildFile; fileRef = 956BA52620D210DF0079B12D /* Main.storyboard */; };
		956BA52A20D210E10079B12D /* Assets.xcassets in Resources */ = {isa = PBXBuildFile; fileRef = 956BA52920D210E10079B12D /* Assets.xcassets */; };
		956BA52D20D210E10079B12D /* LaunchScreen.storyboard in Resources */ = {isa = PBXBuildFile; fileRef = 956BA52B20D210E10079B12D /* LaunchScreen.storyboard */; };
		956BA53820D210E10079B12D /* MVVM_Swift_ChiduTests.swift in Sources */ = {isa = PBXBuildFile; fileRef = 956BA53720D210E10079B12D /* MVVM_Swift_ChiduTests.swift */; };
		956BA54320D210E10079B12D /* MVVM_Swift_ChiduUITests.swift in Sources */ = {isa = PBXBuildFile; fileRef = 956BA54220D210E10079B12D /* MVVM_Swift_ChiduUITests.swift */; };
/* End PBXBuildFile section */

/* Begin PBXContainerItemProxy section */
		956BA53420D210E10079B12D /* PBXContainerItemProxy */ = {
			isa = PBXContainerItemProxy;
			containerPortal = 956BA51720D210DF0079B12D /* Project object */;
			proxyType = 1;
			remoteGlobalIDString = 956BA51E20D210DF0079B12D;
			remoteInfo = "MVVM+Swift-Chidu";
		};
		956BA53F20D210E10079B12D /* PBXContainerItemProxy */ = {
			isa = PBXContainerItemProxy;
			containerPortal = 956BA51720D210DF0079B12D /* Project object */;
			proxyType = 1;
			remoteGlobalIDString = 956BA51E20D210DF0079B12D;
			remoteInfo = "MVVM+Swift-Chidu";
		};
/* End PBXContainerItemProxy section */

/* Begin PBXFileReference section */
		956BA51F20D210DF0079B12D /* MVVM+Swift-Chidu.app */ = {isa = PBXFileReference; explicitFileType = wrapper.application; includeInIndex = 0; path = "MVVM+Swift-Chidu.app"; sourceTree = BUILT_PRODUCTS_DIR; };
		956BA52220D210DF0079B12D /* AppDelegate.swift */ = {isa = PBXFileReference; lastKnownFileType = sourcecode.swift; path = AppDelegate.swift; sourceTree = "<group>"; };
		956BA52420D210DF0079B12D /* ViewController.swift */ = {isa = PBXFileReference; lastKnownFileType = sourcecode.swift; path = ViewController.swift; sourceTree = "<group>"; };
		956BA52720D210DF0079B12D /* Base */ = {isa = PBXFileReference; lastKnownFileType = file.storyboard; name = Base; path = Base.lproj/Main.storyboard; sourceTree = "<group>"; };
		956BA52920D210E10079B12D /* Assets.xcassets */ = {isa = PBXFileReference; lastKnownFileType = folder.assetcatalog; path = Assets.xcassets; sourceTree = "<group>"; };
		956BA52C20D210E10079B12D /* Base */ = {isa = PBXFileReference; lastKnownFileType = file.storyboard; name = Base; path = Base.lproj/LaunchScreen.storyboard; sourceTree = "<group>"; };
		956BA52E20D210E10079B12D /* Info.plist */ = {isa = PBXFileReference; lastKnownFileType = text.plist.xml; path = Info.plist; sourceTree = "<group>"; };
		956BA53320D210E10079B12D /* MVVM+Swift-ChiduTests.xctest */ = {isa = PBXFileReference; explicitFileType = wrapper.cfbundle; includeInIndex = 0; path = "MVVM+Swift-ChiduTests.xctest"; sourceTree = BUILT_PRODUCTS_DIR; };
		956BA53720D210E10079B12D /* MVVM_Swift_ChiduTests.swift */ = {isa = PBXFileReference; lastKnownFileType = sourcecode.swift; path = MVVM_Swift_ChiduTests.swift; sourceTree = "<group>"; };
		956BA53920D210E10079B12D /* Info.plist */ = {isa = PBXFileReference; lastKnownFileType = text.plist.xml; path = Info.plist; sourceTree = "<group>"; };
		956BA53E20D210E10079B12D /* MVVM+Swift-ChiduUITests.xctest */ = {isa = PBXFileReference; explicitFileType = wrapper.cfbundle; includeInIndex = 0; path = "MVVM+Swift-ChiduUITests.xctest"; sourceTree = BUILT_PRODUCTS_DIR; };
		956BA54220D210E10079B12D /* MVVM_Swift_ChiduUITests.swift */ = {isa = PBXFileReference; lastKnownFileType = sourcecode.swift; path = MVVM_Swift_ChiduUITests.swift; sourceTree = "<group>"; };
		956BA54420D210E10079B12D /* Info.plist */ = {isa = PBXFileReference; lastKnownFileType = text.plist.xml; path = Info.plist; sourceTree = "<group>"; };
/* End PBXFileReference section */

/* Begin PBXFrameworksBuildPhase section */
		956BA51C20D210DF0079B12D /* Frameworks */ = {
			isa = PBXFrameworksBuildPhase;
			buildActionMask = 2147483647;
			files = (
			);
			runOnlyForDeploymentPostprocessing = 0;
		};
		956BA53020D210E10079B12D /* Frameworks */ = {
			isa = PBXFrameworksBuildPhase;
			buildActionMask = 2147483647;
			files = (
			);
			runOnlyForDeploymentPostprocessing = 0;
		};
		956BA53B20D210E10079B12D /* Frameworks */ = {
			isa = PBXFrameworksBuildPhase;
			buildActionMask = 2147483647;
			files = (
			);
			runOnlyForDeploymentPostprocessing = 0;
		};
/* End PBXFrameworksBuildPhase section */

/* Begin PBXGroup section */
		956BA51620D210DF0079B12D = {
			isa = PBXGroup;
			children = (
				956BA52120D210DF0079B12D /* MVVM+Swift-Chidu */,
				956BA53620D210E10079B12D /* MVVM+Swift-ChiduTests */,
				956BA54120D210E10079B12D /* MVVM+Swift-ChiduUITests */,
				956BA52020D210DF0079B12D /* Products */,
			);
			sourceTree = "<group>";
		};
		956BA52020D210DF0079B12D /* Products */ = {
			isa = PBXGroup;
			children = (
				956BA51F20D210DF0079B12D /* MVVM+Swift-Chidu.app */,
				956BA53320D210E10079B12D /* MVVM+Swift-ChiduTests.xctest */,
				956BA53E20D210E10079B12D /* MVVM+Swift-ChiduUITests.xctest */,
			);
			name = Products;
			sourceTree = "<group>";
		};
		956BA52120D210DF0079B12D /* MVVM+Swift-Chidu */ = {
			isa = PBXGroup;
			children = (
				956BA52220D210DF0079B12D /* AppDelegate.swift */,
				956BA52420D210DF0079B12D /* ViewController.swift */,
				956BA52620D210DF0079B12D /* Main.storyboard */,
				956BA52920D210E10079B12D /* Assets.xcassets */,
				956BA52B20D210E10079B12D /* LaunchScreen.storyboard */,
				956BA52E20D210E10079B12D /* Info.plist */,
			);
			path = "MVVM+Swift-Chidu";
			sourceTree = "<group>";
		};
		956BA53620D210E10079B12D /* MVVM+Swift-ChiduTests */ = {
			isa = PBXGroup;
			children = (
				956BA53720D210E10079B12D /* MVVM_Swift_ChiduTests.swift */,
				956BA53920D210E10079B12D /* Info.plist */,
			);
			path = "MVVM+Swift-ChiduTests";
			sourceTree = "<group>";
		};
		956BA54120D210E10079B12D /* MVVM+Swift-ChiduUITests */ = {
			isa = PBXGroup;
			children = (
				956BA54220D210E10079B12D /* MVVM_Swift_ChiduUITests.swift */,
				956BA54420D210E10079B12D /* Info.plist */,
			);
			path = "MVVM+Swift-ChiduUITests";
			sourceTree = "<group>";
		};
/* End PBXGroup section */

/* Begin PBXNativeTarget section */
		956BA51E20D210DF0079B12D /* MVVM+Swift-Chidu */ = {
			isa = PBXNativeTarget;
			buildConfigurationList = 956BA54720D210E10079B12D /* Build configuration list for PBXNativeTarget "MVVM+Swift-Chidu" */;
			buildPhases = (
				956BA51B20D210DF0079B12D /* Sources */,
				956BA51C20D210DF0079B12D /* Frameworks */,
				956BA51D20D210DF0079B12D /* Resources */,
			);
			buildRules = (
			);
			dependencies = (
			);
			name = "MVVM+Swift-Chidu";
			productName = "MVVM+Swift-Chidu";
			productReference = 956BA51F20D210DF0079B12D /* MVVM+Swift-Chidu.app */;
			productType = "com.apple.product-type.application";
		};
		956BA53220D210E10079B12D /* MVVM+Swift-ChiduTests */ = {
			isa = PBXNativeTarget;
			buildConfigurationList = 956BA54A20D210E10079B12D /* Build configuration list for PBXNativeTarget "MVVM+Swift-ChiduTests" */;
			buildPhases = (
				956BA52F20D210E10079B12D /* Sources */,
				956BA53020D210E10079B12D /* Frameworks */,
				956BA53120D210E10079B12D /* Resources */,
			);
			buildRules = (
			);
			dependencies = (
				956BA53520D210E10079B12D /* PBXTargetDependency */,
			);
			name = "MVVM+Swift-ChiduTests";
			productName = "MVVM+Swift-ChiduTests";
			productReference = 956BA53320D210E10079B12D /* MVVM+Swift-ChiduTests.xctest */;
			productType = "com.apple.product-type.bundle.unit-test";
		};
		956BA53D20D210E10079B12D /* MVVM+Swift-ChiduUITests */ = {
			isa = PBXNativeTarget;
			buildConfigurationList = 956BA54D20D210E10079B12D /* Build configuration list for PBXNativeTarget "MVVM+Swift-ChiduUITests" */;
			buildPhases = (
				956BA53A20D210E10079B12D /* Sources */,
				956BA53B20D210E10079B12D /* Frameworks */,
				956BA53C20D210E10079B12D /* Resources */,
			);
			buildRules = (
			);
			dependencies = (
				956BA54020D210E10079B12D /* PBXTargetDependency */,
			);
			name = "MVVM+Swift-ChiduUITests";
			productName = "MVVM+Swift-ChiduUITests";
			productReference = 956BA53E20D210E10079B12D /* MVVM+Swift-ChiduUITests.xctest */;
			productType = "com.apple.product-type.bundle.ui-testing";
		};
/* End PBXNativeTarget section */

/* Begin PBXProject section */
		956BA51720D210DF0079B12D /* Project object */ = {
			isa = PBXProject;
			attributes = {
				LastSwiftUpdateCheck = 0940;
				LastUpgradeCheck = 0940;
				ORGANIZATIONNAME = com.delinshe;
				TargetAttributes = {
					956BA51E20D210DF0079B12D = {
						CreatedOnToolsVersion = 9.4;
					};
					956BA53220D210E10079B12D = {
						CreatedOnToolsVersion = 9.4;
						TestTargetID = 956BA51E20D210DF0079B12D;
					};
					956BA53D20D210E10079B12D = {
						CreatedOnToolsVersion = 9.4;
						TestTargetID = 956BA51E20D210DF0079B12D;
					};
				};
			};
			buildConfigurationList = 956BA51A20D210DF0079B12D /* Build configuration list for PBXProject "MVVM+Swift-Chidu" */;
			compatibilityVersion = "Xcode 9.3";
			developmentRegion = en;
			hasScannedForEncodings = 0;
			knownRegions = (
				en,
				Base,
			);
			mainGroup = 956BA51620D210DF0079B12D;
			productRefGroup = 956BA52020D210DF0079B12D /* Products */;
			projectDirPath = "";
			projectRoot = "";
			targets = (
				956BA51E20D210DF0079B12D /* MVVM+Swift-Chidu */,
				956BA53220D210E10079B12D /* MVVM+Swift-ChiduTests */,
				956BA53D20D210E10079B12D /* MVVM+Swift-ChiduUITests */,
			);
		};
/* End PBXProject section */

/* Begin PBXResourcesBuildPhase section */
		956BA51D20D210DF0079B12D /* Resources */ = {
			isa = PBXResourcesBuildPhase;
			buildActionMask = 2147483647;
			files = (
				956BA52D20D210E10079B12D /* LaunchScreen.storyboard in Resources */,
				956BA52A20D210E10079B12D /* Assets.xcassets in Resources */,
				956BA52820D210DF0079B12D /* Main.storyboard in Resources */,
			);
			runOnlyForDeploymentPostprocessing = 0;
		};
		956BA53120D210E10079B12D /* Resources */ = {
			isa = PBXResourcesBuildPhase;
			buildActionMask = 2147483647;
			files = (
			);
			runOnlyForDeploymentPostprocessing = 0;
		};
		956BA53C20D210E10079B12D /* Resources */ = {
			isa = PBXResourcesBuildPhase;
			buildActionMask = 2147483647;
			files = (
			);
			runOnlyForDeploymentPostprocessing = 0;
		};
/* End PBXResourcesBuildPhase section */

/* Begin PBXSourcesBuildPhase section */
		956BA51B20D210DF0079B12D /* Sources */ = {
			isa = PBXSourcesBuildPhase;
			buildActionMask = 2147483647;
			files = (
				956BA52520D210DF0079B12D /* ViewController.swift in Sources */,
				956BA52320D210DF0079B12D /* AppDelegate.swift in Sources */,
			);
			runOnlyForDeploymentPostprocessing = 0;
		};
		956BA52F20D210E10079B12D /* Sources */ = {
			isa = PBXSourcesBuildPhase;
			buildActionMask = 2147483647;
			files = (
				956BA53820D210E10079B12D /* MVVM_Swift_ChiduTests.swift in Sources */,
			);
			runOnlyForDeploymentPostprocessing = 0;
		};
		956BA53A20D210E10079B12D /* Sources */ = {
			isa = PBXSourcesBuildPhase;
			buildActionMask = 2147483647;
			files = (
				956BA54320D210E10079B12D /* MVVM_Swift_ChiduUITests.swift in Sources */,
			);
			runOnlyForDeploymentPostprocessing = 0;
		};
/* End PBXSourcesBuildPhase section */

/* Begin PBXTargetDependency section */
		956BA53520D210E10079B12D /* PBXTargetDependency */ = {
			isa = PBXTargetDependency;
			target = 956BA51E20D210DF0079B12D /* MVVM+Swift-Chidu */;
			targetProxy = 956BA53420D210E10079B12D /* PBXContainerItemProxy */;
		};
		956BA54020D210E10079B12D /* PBXTargetDependency */ = {
			isa = PBXTargetDependency;
			target = 956BA51E20D210DF0079B12D /* MVVM+Swift-Chidu */;
			targetProxy = 956BA53F20D210E10079B12D /* PBXContainerItemProxy */;
		};
/* End PBXTargetDependency section */

/* Begin PBXVariantGroup section */
		956BA52620D210DF0079B12D /* Main.storyboard */ = {
			isa = PBXVariantGroup;
			children = (
				956BA52720D210DF0079B12D /* Base */,
			);
			name = Main.storyboard;
			sourceTree = "<group>";
		};
		956BA52B20D210E10079B12D /* LaunchScreen.storyboard */ = {
			isa = PBXVariantGroup;
			children = (
				956BA52C20D210E10079B12D /* Base */,
			);
			name = LaunchScreen.storyboard;
			sourceTree = "<group>";
		};
/* End PBXVariantGroup section */

/* Begin XCBuildConfiguration section */
		956BA54520D210E10079B12D /* Debug */ = {
			isa = XCBuildConfiguration;
			buildSettings = {
				ALWAYS_SEARCH_USER_PATHS = NO;
				CLANG_ANALYZER_NONNULL = YES;
				CLANG_ANALYZER_NUMBER_OBJECT_CONVERSION = YES_AGGRESSIVE;
				CLANG_CXX_LANGUAGE_STANDARD = "gnu++14";
				CLANG_CXX_LIBRARY = "libc++";
				CLANG_ENABLE_MODULES = YES;
				CLANG_ENABLE_OBJC_ARC = YES;
				CLANG_ENABLE_OBJC_WEAK = YES;
				CLANG_WARN_BLOCK_CAPTURE_AUTORELEASING = YES;
				CLANG_WARN_BOOL_CONVERSION = YES;
				CLANG_WARN_COMMA = YES;
				CLANG_WARN_CONSTANT_CONVERSION = YES;
				CLANG_WARN_DEPRECATED_OBJC_IMPLEMENTATIONS = YES;
				CLANG_WARN_DIRECT_OBJC_ISA_USAGE = YES_ERROR;
				CLANG_WARN_DOCUMENTATION_COMMENTS = YES;
				CLANG_WARN_EMPTY_BODY = YES;
				CLANG_WARN_ENUM_CONVERSION = YES;
				CLANG_WARN_INFINITE_RECURSION = YES;
				CLANG_WARN_INT_CONVERSION = YES;
				CLANG_WARN_NON_LITERAL_NULL_CONVERSION = YES;
				CLANG_WARN_OBJC_IMPLICIT_RETAIN_SELF = YES;
				CLANG_WARN_OBJC_LITERAL_CONVERSION = YES;
				CLANG_WARN_OBJC_ROOT_CLASS = YES_ERROR;
				CLANG_WARN_RANGE_LOOP_ANALYSIS = YES;
				CLANG_WARN_STRICT_PROTOTYPES = YES;
				CLANG_WARN_SUSPICIOUS_MOVE = YES;
				CLANG_WARN_UNGUARDED_AVAILABILITY = YES_AGGRESSIVE;
				CLANG_WARN_UNREACHABLE_CODE = YES;
				CLANG_WARN__DUPLICATE_METHOD_MATCH = YES;
				CODE_SIGN_IDENTITY = "iPhone Developer";
				COPY_PHASE_STRIP = NO;
				DEBUG_INFORMATION_FORMAT = dwarf;
				ENABLE_STRICT_OBJC_MSGSEND = YES;
				ENABLE_TESTABILITY = YES;
				GCC_C_LANGUAGE_STANDARD = gnu11;
				GCC_DYNAMIC_NO_PIC = NO;
				GCC_NO_COMMON_BLOCKS = YES;
				GCC_OPTIMIZATION_LEVEL = 0;
				GCC_PREPROCESSOR_DEFINITIONS = (
					"DEBUG=1",
					"$(inherited)",
				);
				GCC_WARN_64_TO_32_BIT_CONVERSION = YES;
				GCC_WARN_ABOUT_RETURN_TYPE = YES_ERROR;
				GCC_WARN_UNDECLARED_SELECTOR = YES;
				GCC_WARN_UNINITIALIZED_AUTOS = YES_AGGRESSIVE;
				GCC_WARN_UNUSED_FUNCTION = YES;
				GCC_WARN_UNUSED_VARIABLE = YES;
				IPHONEOS_DEPLOYMENT_TARGET = 11.4;
				MTL_ENABLE_DEBUG_INFO = YES;
				ONLY_ACTIVE_ARCH = YES;
				SDKROOT = iphoneos;
				SWIFT_ACTIVE_COMPILATION_CONDITIONS = DEBUG;
				SWIFT_OPTIMIZATION_LEVEL = "-Onone";
			};
			name = Debug;
		};
		956BA54620D210E10079B12D /* Release */ = {
			isa = XCBuildConfiguration;
			buildSettings = {
				ALWAYS_SEARCH_USER_PATHS = NO;
				CLANG_ANALYZER_NONNULL = YES;
				CLANG_ANALYZER_NUMBER_OBJECT_CONVERSION = YES_AGGRESSIVE;
				CLANG_CXX_LANGUAGE_STANDARD = "gnu++14";
				CLANG_CXX_LIBRARY = "libc++";
				CLANG_ENABLE_MODULES = YES;
				CLANG_ENABLE_OBJC_ARC = YES;
				CLANG_ENABLE_OBJC_WEAK = YES;
				CLANG_WARN_BLOCK_CAPTURE_AUTORELEASING = YES;
				CLANG_WARN_BOOL_CONVERSION = YES;
				CLANG_WARN_COMMA = YES;
				CLANG_WARN_CONSTANT_CONVERSION = YES;
				CLANG_WARN_DEPRECATED_OBJC_IMPLEMENTATIONS = YES;
				CLANG_WARN_DIRECT_OBJC_ISA_USAGE = YES_ERROR;
				CLANG_WARN_DOCUMENTATION_COMMENTS = YES;
				CLANG_WARN_EMPTY_BODY = YES;
				CLANG_WARN_ENUM_CONVERSION = YES;
				CLANG_WARN_INFINITE_RECURSION = YES;
				CLANG_WARN_INT_CONVERSION = YES;
				CLANG_WARN_NON_LITERAL_NULL_CONVERSION = YES;
				CLANG_WARN_OBJC_IMPLICIT_RETAIN_SELF = YES;
				CLANG_WARN_OBJC_LITERAL_CONVERSION = YES;
				CLANG_WARN_OBJC_ROOT_CLASS = YES_ERROR;
				CLANG_WARN_RANGE_LOOP_ANALYSIS = YES;
				CLANG_WARN_STRICT_PROTOTYPES = YES;
				CLANG_WARN_SUSPICIOUS_MOVE = YES;
				CLANG_WARN_UNGUARDED_AVAILABILITY = YES_AGGRESSIVE;
				CLANG_WARN_UNREACHABLE_CODE = YES;
				CLANG_WARN__DUPLICATE_METHOD_MATCH = YES;
				CODE_SIGN_IDENTITY = "iPhone Developer";
				COPY_PHASE_STRIP = NO;
				DEBUG_INFORMATION_FORMAT = "dwarf-with-dsym";
				ENABLE_NS_ASSERTIONS = NO;
				ENABLE_STRICT_OBJC_MSGSEND = YES;
				GCC_C_LANGUAGE_STANDARD = gnu11;
				GCC_NO_COMMON_BLOCKS = YES;
				GCC_WARN_64_TO_32_BIT_CONVERSION = YES;
				GCC_WARN_ABOUT_RETURN_TYPE = YES_ERROR;
				GCC_WARN_UNDECLARED_SELECTOR = YES;
				GCC_WARN_UNINITIALIZED_AUTOS = YES_AGGRESSIVE;
				GCC_WARN_UNUSED_FUNCTION = YES;
				GCC_WARN_UNUSED_VARIABLE = YES;
				IPHONEOS_DEPLOYMENT_TARGET = 11.4;
				MTL_ENABLE_DEBUG_INFO = NO;
				SDKROOT = iphoneos;
				SWIFT_COMPILATION_MODE = wholemodule;
				SWIFT_OPTIMIZATION_LEVEL = "-O";
				VALIDATE_PRODUCT = YES;
			};
			name = Release;
		};
		956BA54820D210E10079B12D /* Debug */ = {
			isa = XCBuildConfiguration;
			buildSettings = {
				ASSETCATALOG_COMPILER_APPICON_NAME = AppIcon;
				CODE_SIGN_STYLE = Automatic;
				DEVELOPMENT_TEAM = 2MYY96KKK9;
				INFOPLIST_FILE = "MVVM+Swift-Chidu/Info.plist";
				LD_RUNPATH_SEARCH_PATHS = (
					"$(inherited)",
					"@executable_path/Frameworks",
				);
				PRODUCT_BUNDLE_IDENTIFIER = "com.delinshe.MVVM-Swift-Chidu";
				PRODUCT_NAME = "$(TARGET_NAME)";
				SWIFT_VERSION = 4.0;
				TARGETED_DEVICE_FAMILY = "1,2";
			};
			name = Debug;
		};
		956BA54920D210E10079B12D /* Release */ = {
			isa = XCBuildConfiguration;
			buildSettings = {
				ASSETCATALOG_COMPILER_APPICON_NAME = AppIcon;
				CODE_SIGN_STYLE = Automatic;
				DEVELOPMENT_TEAM = 2MYY96KKK9;
				INFOPLIST_FILE = "MVVM+Swift-Chidu/Info.plist";
				LD_RUNPATH_SEARCH_PATHS = (
					"$(inherited)",
					"@executable_path/Frameworks",
				);
				PRODUCT_BUNDLE_IDENTIFIER = "com.delinshe.MVVM-Swift-Chidu";
				PRODUCT_NAME = "$(TARGET_NAME)";
				SWIFT_VERSION = 4.0;
				TARGETED_DEVICE_FAMILY = "1,2";
			};
			name = Release;
		};
		956BA54B20D210E10079B12D /* Debug */ = {
			isa = XCBuildConfiguration;
			buildSettings = {
				ALWAYS_EMBED_SWIFT_STANDARD_LIBRARIES = YES;
				BUNDLE_LOADER = "$(TEST_HOST)";
				CODE_SIGN_STYLE = Automatic;
				DEVELOPMENT_TEAM = 2MYY96KKK9;
				INFOPLIST_FILE = "MVVM+Swift-ChiduTests/Info.plist";
				LD_RUNPATH_SEARCH_PATHS = (
					"$(inherited)",
					"@executable_path/Frameworks",
					"@loader_path/Frameworks",
				);
				PRODUCT_BUNDLE_IDENTIFIER = "com.delinshe.MVVM-Swift-ChiduTests";
				PRODUCT_NAME = "$(TARGET_NAME)";
				SWIFT_VERSION = 4.0;
				TARGETED_DEVICE_FAMILY = "1,2";
				TEST_HOST = "$(BUILT_PRODUCTS_DIR)/MVVM+Swift-Chidu.app/MVVM+Swift-Chidu";
			};
			name = Debug;
		};
		956BA54C20D210E10079B12D /* Release */ = {
			isa = XCBuildConfiguration;
			buildSettings = {
				ALWAYS_EMBED_SWIFT_STANDARD_LIBRARIES = YES;
				BUNDLE_LOADER = "$(TEST_HOST)";
				CODE_SIGN_STYLE = Automatic;
				DEVELOPMENT_TEAM = 2MYY96KKK9;
				INFOPLIST_FILE = "MVVM+Swift-ChiduTests/Info.plist";
				LD_RUNPATH_SEARCH_PATHS = (
					"$(inherited)",
					"@executable_path/Frameworks",
					"@loader_path/Frameworks",
				);
				PRODUCT_BUNDLE_IDENTIFIER = "com.delinshe.MVVM-Swift-ChiduTests";
				PRODUCT_NAME = "$(TARGET_NAME)";
				SWIFT_VERSION = 4.0;
				TARGETED_DEVICE_FAMILY = "1,2";
				TEST_HOST = "$(BUILT_PRODUCTS_DIR)/MVVM+Swift-Chidu.app/MVVM+Swift-Chidu";
			};
			name = Release;
		};
		956BA54E20D210E10079B12D /* Debug */ = {
			isa = XCBuildConfiguration;
			buildSettings = {
				ALWAYS_EMBED_SWIFT_STANDARD_LIBRARIES = YES;
				CODE_SIGN_STYLE = Automatic;
				DEVELOPMENT_TEAM = 2MYY96KKK9;
				INFOPLIST_FILE = "MVVM+Swift-ChiduUITests/Info.plist";
				LD_RUNPATH_SEARCH_PATHS = (
					"$(inherited)",
					"@executable_path/Frameworks",
					"@loader_path/Frameworks",
				);
				PRODUCT_BUNDLE_IDENTIFIER = "com.delinshe.MVVM-Swift-ChiduUITests";
				PRODUCT_NAME = "$(TARGET_NAME)";
				SWIFT_VERSION = 4.0;
				TARGETED_DEVICE_FAMILY = "1,2";
				TEST_TARGET_NAME = "MVVM+Swift-Chidu";
			};
			name = Debug;
		};
		956BA54F20D210E10079B12D /* Release */ = {
			isa = XCBuildConfiguration;
			buildSettings = {
				ALWAYS_EMBED_SWIFT_STANDARD_LIBRARIES = YES;
				CODE_SIGN_STYLE = Automatic;
				DEVELOPMENT_TEAM = 2MYY96KKK9;
				INFOPLIST_FILE = "MVVM+Swift-ChiduUITests/Info.plist";
				LD_RUNPATH_SEARCH_PATHS = (
					"$(inherited)",
					"@executable_path/Frameworks",
					"@loader_path/Frameworks",
				);
				PRODUCT_BUNDLE_IDENTIFIER = "com.delinshe.MVVM-Swift-ChiduUITests";
				PRODUCT_NAME = "$(TARGET_NAME)";
				SWIFT_VERSION = 4.0;
				TARGETED_DEVICE_FAMILY = "1,2";
				TEST_TARGET_NAME = "MVVM+Swift-Chidu";
			};
			name = Release;
		};
/* End XCBuildConfiguration section */

/* Begin XCConfigurationList section */
		956BA51A20D210DF0079B12D /* Build configuration list for PBXProject "MVVM+Swift-Chidu" */ = {
			isa = XCConfigurationList;
			buildConfigurations = (
				956BA54520D210E10079B12D /* Debug */,
				956BA54620D210E10079B12D /* Release */,
			);
			defaultConfigurationIsVisible = 0;
			defaultConfigurationName = Release;
		};
		956BA54720D210E10079B12D /* Build configuration list for PBXNativeTarget "MVVM+Swift-Chidu" */ = {
			isa = XCConfigurationList;
			buildConfigurations = (
				956BA54820D210E10079B12D /* Debug */,
				956BA54920D210E10079B12D /* Release */,
			);
			defaultConfigurationIsVisible = 0;
			defaultConfigurationName = Release;
		};
		956BA54A20D210E10079B12D /* Build configuration list for PBXNativeTarget "MVVM+Swift-ChiduTests" */ = {
			isa = XCConfigurationList;
			buildConfigurations = (
				956BA54B20D210E10079B12D /* Debug */,
				956BA54C20D210E10079B12D /* Release */,
			);
			defaultConfigurationIsVisible = 0;
			defaultConfigurationName = Release;
		};
		956BA54D20D210E10079B12D /* Build configuration list for PBXNativeTarget "MVVM+Swift-ChiduUITests" */ = {
			isa = XCConfigurationList;
			buildConfigurations = (
				956BA54E20D210E10079B12D /* Debug */,
				956BA54F20D210E10079B12D /* Release */,
			);
			defaultConfigurationIsVisible = 0;
			defaultConfigurationName = Release;
		};
/* End XCConfigurationList section */
	};
	rootObject = 956BA51720D210DF0079B12D /* Project object */;
}
